
Microsoft Visual Studio Solution File, Format Version 12.00
# Visual Studio Version 16
VisualStudioVersion = 16.0.30114.105
MinimumVisualStudioVersion = 10.0.40219.1
Project("{FAE04EC0-301F-11D3-BF4B-00C04F79EFBC}") = "PixelTriggerBot", "PixelTriggerBot\PixelTriggerBot.csproj", "{BCE442F6-93A9-4B94-9681-8EEBEDC6547D}"
EndProject
Global
	GlobalSection(SolutionConfigurationPlatforms) = preSolution
		Debug|Any CPU = Debug|Any CPU
		Debug|x64 = Debug|x64
		Debug|x86 = Debug|x86
		Release|Any CPU = Release|Any CPU
		Release|x64 = Release|x64
		Release|x86 = Release|x86
	EndGlobalSection
	GlobalSection(ProjectConfigurationPlatforms) = postSolution
		{BCE442F6-93A9-4B94-9681-8EEBEDC6547D}.Debug|Any CPU.ActiveCfg = Debug|Any CPU
		{BCE442F6-93A9-4B94-9681-8EEBEDC6547D}.Debug|Any CPU.Build.0 = Debug|Any CPU
		{BCE442F6-93A9-4B94-9681-8EEBEDC6547D}.Debug|x64.ActiveCfg = Debug|x64
		{BCE442F6-93A9-4B94-9681-8EEBEDC6547D}.Debug|x64.Build.0 = Debug|x64
		{BCE442F6-93A9-4B94-9681-8EEBEDC6547D}.Debug|x86.ActiveCfg = Debug|x86
		{BCE442F6-93A9-4B94-9681-8EEBEDC6547D}.Debug|x86.Build.0 = Debug|x86
		{BCE442F6-93A9-4B94-9681-8EEBEDC6547D}.Release|Any CPU.ActiveCfg = Release|Any CPU
		{BCE442F6-93A9-4B94-9681-8EEBEDC6547D}.Release|Any CPU.Build.0 = Release|Any CPU
		{BCE442F6-93A9-4B94-9681-8EEBEDC6547D}.Release|x64.ActiveCfg = Release|x64
		{BCE442F6-93A9-4B94-9681-8EEBEDC6547D}.Release|x64.Build.0 = Release|x64
		{BCE442F6-93A9-4B94-9681-8EEBEDC6547D}.Release|x86.ActiveCfg = Release|x86
		{BCE442F6-93A9-4B94-9681-8EEBEDC6547D}.Release|x86.Build.0 = Release|x86
	EndGlobalSection
	GlobalSection(SolutionProperties) = preSolution
		HideSolutionNode = FALSE
	EndGlobalSection
	GlobalSection(ExtensibilityGlobals) = postSolution
		SolutionGuid = {DFFCC740-C0F2-4175-A4E8-26A384FA155E}
	EndGlobalSection
EndGlobal
